// !$*UTF8*$!
{
	archiveVersion = 1;
	classes = {
	};
	objectVersion = 46;
	objects = {

/* Begin PBXBuildFile section */
		075965CD19B6C97500CDFA05 /* AppDelegate.swift in Sources */ = {isa = PBXBuildFile; fileRef = 075965CC19B6C97500CDFA05 /* AppDelegate.swift */; };
		075965D019B6C97500CDFA05 /* MarketManager.xcdatamodeld in Sources */ = {isa = PBXBuildFile; fileRef = 075965CE19B6C97500CDFA05 /* MarketManager.xcdatamodeld */; };
		075965D219B6C97500CDFA05 /* ViewController.swift in Sources */ = {isa = PBXBuildFile; fileRef = 075965D119B6C97500CDFA05 /* ViewController.swift */; };
		075965D519B6C97500CDFA05 /* Main.storyboard in Resources */ = {isa = PBXBuildFile; fileRef = 075965D319B6C97500CDFA05 /* Main.storyboard */; };
		075965D719B6C97500CDFA05 /* Images.xcassets in Resources */ = {isa = PBXBuildFile; fileRef = 075965D619B6C97500CDFA05 /* Images.xcassets */; };
		075965E319B6C97500CDFA05 /* MarketManagerTests.swift in Sources */ = {isa = PBXBuildFile; fileRef = 075965E219B6C97500CDFA05 /* MarketManagerTests.swift */; };
		075965ED19B6CCC800CDFA05 /* MapViewController.swift in Sources */ = {isa = PBXBuildFile; fileRef = 075965EC19B6CCC800CDFA05 /* MapViewController.swift */; };
		075965EF19B6D40700CDFA05 /* MapKit.framework in Frameworks */ = {isa = PBXBuildFile; fileRef = 075965EE19B6D40700CDFA05 /* MapKit.framework */; };
/* End PBXBuildFile section */

/* Begin PBXContainerItemProxy section */
		075965DD19B6C97500CDFA05 /* PBXContainerItemProxy */ = {
			isa = PBXContainerItemProxy;
			containerPortal = 075965BF19B6C97500CDFA05 /* Project object */;
			proxyType = 1;
			remoteGlobalIDString = 075965C619B6C97500CDFA05;
			remoteInfo = MarketManager;
		};
/* End PBXContainerItemProxy section */

/* Begin PBXFileReference section */
		075965C719B6C97500CDFA05 /* MarketManager.app */ = {isa = PBXFileReference; explicitFileType = wrapper.application; includeInIndex = 0; path = MarketManager.app; sourceTree = BUILT_PRODUCTS_DIR; };
		075965CB19B6C97500CDFA05 /* Info.plist */ = {isa = PBXFileReference; lastKnownFileType = text.plist.xml; path = Info.plist; sourceTree = "<group>"; };
		075965CC19B6C97500CDFA05 /* AppDelegate.swift */ = {isa = PBXFileReference; lastKnownFileType = sourcecode.swift; path = AppDelegate.swift; sourceTree = "<group>"; };
		075965CF19B6C97500CDFA05 /* MarketManager.xcdatamodel */ = {isa = PBXFileReference; lastKnownFileType = wrapper.xcdatamodel; path = MarketManager.xcdatamodel; sourceTree = "<group>"; };
		075965D119B6C97500CDFA05 /* ViewController.swift */ = {isa = PBXFileReference; lastKnownFileType = sourcecode.swift; path = ViewController.swift; sourceTree = "<group>"; };
		075965D419B6C97500CDFA05 /* Base */ = {isa = PBXFileReference; lastKnownFileType = file.storyboard; name = Base; path = Base.lproj/Main.storyboard; sourceTree = "<group>"; };
		075965D619B6C97500CDFA05 /* Images.xcassets */ = {isa = PBXFileReference; lastKnownFileType = folder.assetcatalog; path = Images.xcassets; sourceTree = "<group>"; };
		075965DC19B6C97500CDFA05 /* MarketManagerTests.xctest */ = {isa = PBXFileReference; explicitFileType = wrapper.cfbundle; includeInIndex = 0; path = MarketManagerTests.xctest; sourceTree = BUILT_PRODUCTS_DIR; };
		075965E119B6C97500CDFA05 /* Info.plist */ = {isa = PBXFileReference; lastKnownFileType = text.plist.xml; path = Info.plist; sourceTree = "<group>"; };
		075965E219B6C97500CDFA05 /* MarketManagerTests.swift */ = {isa = PBXFileReference; lastKnownFileType = sourcecode.swift; path = MarketManagerTests.swift; sourceTree = "<group>"; };
		075965EC19B6CCC800CDFA05 /* MapViewController.swift */ = {isa = PBXFileReference; fileEncoding = 4; lastKnownFileType = sourcecode.swift; path = MapViewController.swift; sourceTree = "<group>"; };
		075965EE19B6D40700CDFA05 /* MapKit.framework */ = {isa = PBXFileReference; lastKnownFileType = wrapper.framework; name = MapKit.framework; path = System/Library/Frameworks/MapKit.framework; sourceTree = SDKROOT; };
/* End PBXFileReference section */

/* Begin PBXFrameworksBuildPhase section */
		075965C419B6C97500CDFA05 /* Frameworks */ = {
			isa = PBXFrameworksBuildPhase;
			buildActionMask = 2147483647;
			files = (
				075965EF19B6D40700CDFA05 /* MapKit.framework in Frameworks */,
			);
			runOnlyForDeploymentPostprocessing = 0;
		};
		075965D919B6C97500CDFA05 /* Frameworks */ = {
			isa = PBXFrameworksBuildPhase;
			buildActionMask = 2147483647;
			files = (
			);
			runOnlyForDeploymentPostprocessing = 0;
		};
/* End PBXFrameworksBuildPhase section */

/* Begin PBXGroup section */
		075965BE19B6C97500CDFA05 = {
			isa = PBXGroup;
			children = (
				075965EE19B6D40700CDFA05 /* MapKit.framework */,
				075965C919B6C97500CDFA05 /* MarketManager */,
				075965DF19B6C97500CDFA05 /* MarketManagerTests */,
				075965C819B6C97500CDFA05 /* Products */,
			);
			sourceTree = "<group>";
		};
		075965C819B6C97500CDFA05 /* Products */ = {
			isa = PBXGroup;
			children = (
				075965C719B6C97500CDFA05 /* MarketManager.app */,
				075965DC19B6C97500CDFA05 /* MarketManagerTests.xctest */,
			);
			name = Products;
			sourceTree = "<group>";
		};
		075965C919B6C97500CDFA05 /* MarketManager */ = {
			isa = PBXGroup;
			children = (
				075965CC19B6C97500CDFA05 /* AppDelegate.swift */,
				075965D119B6C97500CDFA05 /* ViewController.swift */,
				075965EC19B6CCC800CDFA05 /* MapViewController.swift */,
				075965D319B6C97500CDFA05 /* Main.storyboard */,
				075965D619B6C97500CDFA05 /* Images.xcassets */,
				075965CE19B6C97500CDFA05 /* MarketManager.xcdatamodeld */,
				075965CA19B6C97500CDFA05 /* Supporting Files */,
			);
			path = MarketManager;
			sourceTree = "<group>";
		};
		075965CA19B6C97500CDFA05 /* Supporting Files */ = {
			isa = PBXGroup;
			children = (
				075965CB19B6C97500CDFA05 /* Info.plist */,
			);
			name = "Supporting Files";
			sourceTree = "<group>";
		};
		075965DF19B6C97500CDFA05 /* MarketManagerTests */ = {
			isa = PBXGroup;
			children = (
				075965E219B6C97500CDFA05 /* MarketManagerTests.swift */,
				075965E019B6C97500CDFA05 /* Supporting Files */,
			);
			path = MarketManagerTests;
			sourceTree = "<group>";
		};
		075965E019B6C97500CDFA05 /* Supporting Files */ = {
			isa = PBXGroup;
			children = (
				075965E119B6C97500CDFA05 /* Info.plist */,
			);
			name = "Supporting Files";
			sourceTree = "<group>";
		};
/* End PBXGroup section */

/* Begin PBXNativeTarget section */
		075965C619B6C97500CDFA05 /* MarketManager */ = {
			isa = PBXNativeTarget;
			buildConfigurationList = 075965E619B6C97500CDFA05 /* Build configuration list for PBXNativeTarget "MarketManager" */;
			buildPhases = (
				075965C319B6C97500CDFA05 /* Sources */,
				075965C419B6C97500CDFA05 /* Frameworks */,
				075965C519B6C97500CDFA05 /* Resources */,
			);
			buildRules = (
			);
			dependencies = (
			);
			name = MarketManager;
			productName = MarketManager;
			productReference = 075965C719B6C97500CDFA05 /* MarketManager.app */;
			productType = "com.apple.product-type.application";
		};
		075965DB19B6C97500CDFA05 /* MarketManagerTests */ = {
			isa = PBXNativeTarget;
			buildConfigurationList = 075965E919B6C97500CDFA05 /* Build configuration list for PBXNativeTarget "MarketManagerTests" */;
			buildPhases = (
				075965D819B6C97500CDFA05 /* Sources */,
				075965D919B6C97500CDFA05 /* Frameworks */,
				075965DA19B6C97500CDFA05 /* Resources */,
			);
			buildRules = (
			);
			dependencies = (
				075965DE19B6C97500CDFA05 /* PBXTargetDependency */,
			);
			name = MarketManagerTests;
			productName = MarketManagerTests;
			productReference = 075965DC19B6C97500CDFA05 /* MarketManagerTests.xctest */;
			productType = "com.apple.product-type.bundle.unit-test";
		};
/* End PBXNativeTarget section */

/* Begin PBXProject section */
		075965BF19B6C97500CDFA05 /* Project object */ = {
			isa = PBXProject;
			attributes = {
				LastUpgradeCheck = 0600;
				ORGANIZATIONNAME = "Jing Yun Sui";
				TargetAttributes = {
					075965C619B6C97500CDFA05 = {
						CreatedOnToolsVersion = 6.0;
						SystemCapabilities = {
							com.apple.BackgroundModes = {
								enabled = 1;
							};
							com.apple.Maps.iOS = {
								enabled = 1;
							};
						};
					};
					075965DB19B6C97500CDFA05 = {
						CreatedOnToolsVersion = 6.0;
						TestTargetID = 075965C619B6C97500CDFA05;
					};
				};
			};
			buildConfigurationList = 075965C219B6C97500CDFA05 /* Build configuration list for PBXProject "MarketManager" */;
			compatibilityVersion = "Xcode 3.2";
			developmentRegion = English;
			hasScannedForEncodings = 0;
			knownRegions = (
				en,
				Base,
			);
			mainGroup = 075965BE19B6C97500CDFA05;
			productRefGroup = 075965C819B6C97500CDFA05 /* Products */;
			projectDirPath = "";
			projectRoot = "";
			targets = (
				075965C619B6C97500CDFA05 /* MarketManager */,
				075965DB19B6C97500CDFA05 /* MarketManagerTests */,
			);
		};
/* End PBXProject section */

/* Begin PBXResourcesBuildPhase section */
		075965C519B6C97500CDFA05 /* Resources */ = {
			isa = PBXResourcesBuildPhase;
			buildActionMask = 2147483647;
			files = (
				075965D519B6C97500CDFA05 /* Main.storyboard in Resources */,
				075965D719B6C97500CDFA05 /* Images.xcassets in Resources */,
			);
			runOnlyForDeploymentPostprocessing = 0;
		};
		075965DA19B6C97500CDFA05 /* Resources */ = {
			isa = PBXResourcesBuildPhase;
			buildActionMask = 2147483647;
			files = (
			);
			runOnlyForDeploymentPostprocessing = 0;
		};
/* End PBXResourcesBuildPhase section */

/* Begin PBXSourcesBuildPhase section */
		075965C319B6C97500CDFA05 /* Sources */ = {
			isa = PBXSourcesBuildPhase;
			buildActionMask = 2147483647;
			files = (
				075965D219B6C97500CDFA05 /* ViewController.swift in Sources */,
				075965CD19B6C97500CDFA05 /* AppDelegate.swift in Sources */,
				075965D019B6C97500CDFA05 /* MarketManager.xcdatamodeld in Sources */,
				075965ED19B6CCC800CDFA05 /* MapViewController.swift in Sources */,
			);
			runOnlyForDeploymentPostprocessing = 0;
		};
		075965D819B6C97500CDFA05 /* Sources */ = {
			isa = PBXSourcesBuildPhase;
			buildActionMask = 2147483647;
			files = (
				075965E319B6C97500CDFA05 /* MarketManagerTests.swift in Sources */,
			);
			runOnlyForDeploymentPostprocessing = 0;
		};
/* End PBXSourcesBuildPhase section */

/* Begin PBXTargetDependency section */
		075965DE19B6C97500CDFA05 /* PBXTargetDependency */ = {
			isa = PBXTargetDependency;
			target = 075965C619B6C97500CDFA05 /* MarketManager */;
			targetProxy = 075965DD19B6C97500CDFA05 /* PBXContainerItemProxy */;
		};
/* End PBXTargetDependency section */

/* Begin PBXVariantGroup section */
		075965D319B6C97500CDFA05 /* Main.storyboard */ = {
			isa = PBXVariantGroup;
			children = (
				075965D419B6C97500CDFA05 /* Base */,
			);
			name = Main.storyboard;
			sourceTree = "<group>";
		};
/* End PBXVariantGroup section */

/* Begin XCBuildConfiguration section */
		075965E419B6C97500CDFA05 /* Debug */ = {
			isa = XCBuildConfiguration;
			buildSettings = {
				ALWAYS_SEARCH_USER_PATHS = NO;
				CLANG_CXX_LANGUAGE_STANDARD = "gnu++0x";
				CLANG_CXX_LIBRARY = "libc++";
				CLANG_ENABLE_MODULES = YES;
				CLANG_ENABLE_OBJC_ARC = YES;
				CLANG_WARN_BOOL_CONVERSION = YES;
				CLANG_WARN_CONSTANT_CONVERSION = YES;
				CLANG_WARN_DIRECT_OBJC_ISA_USAGE = YES_ERROR;
				CLANG_WARN_EMPTY_BODY = YES;
				CLANG_WARN_ENUM_CONVERSION = YES;
				CLANG_WARN_INT_CONVERSION = YES;
				CLANG_WARN_OBJC_ROOT_CLASS = YES_ERROR;
				CLANG_WARN_UNREACHABLE_CODE = YES;
				CLANG_WARN__DUPLICATE_METHOD_MATCH = YES;
				"CODE_SIGN_IDENTITY[sdk=iphoneos*]" = "iPhone Developer";
				COPY_PHASE_STRIP = NO;
				ENABLE_STRICT_OBJC_MSGSEND = YES;
				GCC_C_LANGUAGE_STANDARD = gnu99;
				GCC_DYNAMIC_NO_PIC = NO;
				GCC_OPTIMIZATION_LEVEL = 0;
				GCC_PREPROCESSOR_DEFINITIONS = (
					"DEBUG=1",
					"$(inherited)",
				);
				GCC_SYMBOLS_PRIVATE_EXTERN = NO;
				GCC_WARN_64_TO_32_BIT_CONVERSION = YES;
				GCC_WARN_ABOUT_RETURN_TYPE = YES_ERROR;
				GCC_WARN_UNDECLARED_SELECTOR = YES;
				GCC_WARN_UNINITIALIZED_AUTOS = YES_AGGRESSIVE;
				GCC_WARN_UNUSED_FUNCTION = YES;
				GCC_WARN_UNUSED_VARIABLE = YES;
				IPHONEOS_DEPLOYMENT_TARGET = 8.0;
				MTL_ENABLE_DEBUG_INFO = YES;
				ONLY_ACTIVE_ARCH = YES;
				SDKROOT = iphoneos;
				SWIFT_OPTIMIZATION_LEVEL = "-Onone";
				TARGETED_DEVICE_FAMILY = "1,2";
			};
			name = Debug;
		};
		075965E519B6C97500CDFA05 /* Release */ = {
			isa = XCBuildConfiguration;
			buildSettings = {
				ALWAYS_SEARCH_USER_PATHS = NO;
				CLANG_CXX_LANGUAGE_STANDARD = "gnu++0x";
				CLANG_CXX_LIBRARY = "libc++";
				CLANG_ENABLE_MODULES = YES;
				CLANG_ENABLE_OBJC_ARC = YES;
				CLANG_WARN_BOOL_CONVERSION = YES;
				CLANG_WARN_CONSTANT_CONVERSION = YES;
				CLANG_WARN_DIRECT_OBJC_ISA_USAGE = YES_ERROR;
				CLANG_WARN_EMPTY_BODY = YES;
				CLANG_WARN_ENUM_CONVERSION = YES;
				CLANG_WARN_INT_CONVERSION = YES;
				CLANG_WARN_OBJC_ROOT_CLASS = YES_ERROR;
				CLANG_WARN_UNREACHABLE_CODE = YES;
				CLANG_WARN__DUPLICATE_METHOD_MATCH = YES;
				"CODE_SIGN_IDENTITY[sdk=iphoneos*]" = "iPhone Developer";
				COPY_PHASE_STRIP = YES;
				ENABLE_NS_ASSERTIONS = NO;
				ENABLE_STRICT_OBJC_MSGSEND = YES;
				GCC_C_LANGUAGE_STANDARD = gnu99;
				GCC_WARN_64_TO_32_BIT_CONVERSION = YES;
				GCC_WARN_ABOUT_RETURN_TYPE = YES_ERROR;
				GCC_WARN_UNDECLARED_SELECTOR = YES;
				GCC_WARN_UNINITIALIZED_AUTOS = YES_AGGRESSIVE;
				GCC_WARN_UNUSED_FUNCTION = YES;
				GCC_WARN_UNUSED_VARIABLE = YES;
				IPHONEOS_DEPLOYMENT_TARGET = 8.0;
				MTL_ENABLE_DEBUG_INFO = NO;
				SDKROOT = iphoneos;
				TARGETED_DEVICE_FAMILY = "1,2";
				VALIDATE_PRODUCT = YES;
			};
			name = Release;
		};
		075965E719B6C97500CDFA05 /* Debug */ = {
			isa = XCBuildConfiguration;
			buildSettings = {
				ASSETCATALOG_COMPILER_APPICON_NAME = AppIcon;
				ASSETCATALOG_COMPILER_LAUNCHIMAGE_NAME = LaunchImage;
				INFOPLIST_FILE = MarketManager/Info.plist;
				LD_RUNPATH_SEARCH_PATHS = "$(inherited) @executable_path/Frameworks";
				PRODUCT_NAME = "$(TARGET_NAME)";
			};
			name = Debug;
		};
		075965E819B6C97500CDFA05 /* Release */ = {
			isa = XCBuildConfiguration;
			buildSettings = {
				ASSETCATALOG_COMPILER_APPICON_NAME = AppIcon;
				ASSETCATALOG_COMPILER_LAUNCHIMAGE_NAME = LaunchImage;
				INFOPLIST_FILE = MarketManager/Info.plist;
				LD_RUNPATH_SEARCH_PATHS = "$(inherited) @executable_path/Frameworks";
				PRODUCT_NAME = "$(TARGET_NAME)";
			};
			name = Release;
		};
		075965EA19B6C97500CDFA05 /* Debug */ = {
			isa = XCBuildConfiguration;
			buildSettings = {
				BUNDLE_LOADER = "$(TEST_HOST)";
				FRAMEWORK_SEARCH_PATHS = (
					"$(SDKROOT)/Developer/Library/Frameworks",
					"$(inherited)",
				);
				GCC_PREPROCESSOR_DEFINITIONS = (
					"DEBUG=1",
					"$(inherited)",
				);
				INFOPLIST_FILE = MarketManagerTests/Info.plist;
				LD_RUNPATH_SEARCH_PATHS = "$(inherited) @executable_path/Frameworks @loader_path/Frameworks";
				PRODUCT_NAME = "$(TARGET_NAME)";
				TEST_HOST = "$(BUILT_PRODUCTS_DIR)/MarketManager.app/MarketManager";
			};
			name = Debug;
		};
		075965EB19B6C97500CDFA05 /* Release */ = {
			isa = XCBuildConfiguration;
			buildSettings = {
				BUNDLE_LOADER = "$(TEST_HOST)";
				FRAMEWORK_SEARCH_PATHS = (
					"$(SDKROOT)/Developer/Library/Frameworks",
					"$(inherited)",
				);
				INFOPLIST_FILE = MarketManagerTests/Info.plist;
				LD_RUNPATH_SEARCH_PATHS = "$(inherited) @executable_path/Frameworks @loader_path/Frameworks";
				PRODUCT_NAME = "$(TARGET_NAME)";
				TEST_HOST = "$(BUILT_PRODUCTS_DIR)/MarketManager.app/MarketManager";
			};
			name = Release;
		};
/* End XCBuildConfiguration section */

/* Begin XCConfigurationList section */
		075965C219B6C97500CDFA05 /* Build configuration list for PBXProject "MarketManager" */ = {
			isa = XCConfigurationList;
			buildConfigurations = (
				075965E419B6C97500CDFA05 /* Debug */,
				075965E519B6C97500CDFA05 /* Release */,
			);
			defaultConfigurationIsVisible = 0;
			defaultConfigurationName = Release;
		};
		075965E619B6C97500CDFA05 /* Build configuration list for PBXNativeTarget "MarketManager" */ = {
			isa = XCConfigurationList;
			buildConfigurations = (
				075965E719B6C97500CDFA05 /* Debug */,
				075965E819B6C97500CDFA05 /* Release */,
			);
			defaultConfigurationIsVisible = 0;
		};
		075965E919B6C97500CDFA05 /* Build configuration list for PBXNativeTarget "MarketManagerTests" */ = {
			isa = XCConfigurationList;
			buildConfigurations = (
				075965EA19B6C97500CDFA05 /* Debug */,
				075965EB19B6C97500CDFA05 /* Release */,
			);
			defaultConfigurationIsVisible = 0;
		};
/* End XCConfigurationList section */

/* Begin XCVersionGroup section */
		075965CE19B6C97500CDFA05 /* MarketManager.xcdatamodeld */ = {
			isa = XCVersionGroup;
			children = (
				075965CF19B6C97500CDFA05 /* MarketManager.xcdatamodel */,
			);
			currentVersion = 075965CF19B6C97500CDFA05 /* MarketManager.xcdatamodel */;
			path = MarketManager.xcdatamodeld;
			sourceTree = "<group>";
			versionGroupType = wrapper.xcdatamodel;
		};
/* End XCVersionGroup section */
	};
	rootObject = 075965BF19B6C97500CDFA05 /* Project object */;
}
